
Microsoft Visual Studio Solution File, Format Version 12.00
# Visual Studio Version 17
VisualStudioVersion = 17.1.32407.343
MinimumVisualStudioVersion = 10.0.40219.1
Project("{FAE04EC0-301F-11D3-BF4B-00C04F79EFBC}") = "a.matsehomework", "a.matsehomework\a.matsehomework.csproj", "{C015FF90-335F-455E-8397-6D265CE24A77}"
EndProject
Global
	GlobalSection(SolutionConfigurationPlatforms) = preSolution
		Debug|Any CPU = Debug|Any CPU
		Release|Any CPU = Release|Any CPU
	EndGlobalSection
	GlobalSection(ProjectConfigurationPlatforms) = postSolution
		{C015FF90-335F-455E-8397-6D265CE24A77}.Debug|Any CPU.ActiveCfg = Debug|Any CPU
		{C015FF90-335F-455E-8397-6D265CE24A77}.Debug|Any CPU.Build.0 = Debug|Any CPU
		{C015FF90-335F-455E-8397-6D265CE24A77}.Release|Any CPU.ActiveCfg = Release|Any CPU
		{C015FF90-335F-455E-8397-6D265CE24A77}.Release|Any CPU.Build.0 = Release|Any CPU
	EndGlobalSection
	GlobalSection(SolutionProperties) = preSolution
		HideSolutionNode = FALSE
	EndGlobalSection
	GlobalSection(ExtensibilityGlobals) = postSolution
		SolutionGuid = {772A67F7-C29A-4A37-8567-BCEB20E8C10C}
	EndGlobalSection
EndGlobal
