Microsoft Visual Studio Solution File, Format Version 12.00
# Visual Studio Version 16
VisualStudioVersion = 16.0.30114.105
MinimumVisualStudioVersion = 10.0.40219.1
Project("{2150E333-8FDC-42A3-9474-1A3956D46DE8}") = "src", "src", "{BC17430A-EB7B-44E4-966F-11BF1D3D0D83}"
EndProject
Project("{FAE04EC0-301F-11D3-BF4B-00C04F79EFBC}") = "CalendarApp.Console", "src\CalendarApp.Console\CalendarApp.Console.csproj", "{5D52EC22-5EF8-4EAF-AB24-D492BC6F78F7}"
EndProject
Project("{FAE04EC0-301F-11D3-BF4B-00C04F79EFBC}") = "CalendarApp.Contracts", "src\CalendarApp.Contracts\CalendarApp.Contracts.csproj", "{D401FCFC-4BE1-4E87-8209-44D3E9C4F210}"
EndProject
Project("{FAE04EC0-301F-11D3-BF4B-00C04F79EFBC}") = "CalendarApp.DataAccess", "src\CalendarApp.DataAccess\CalendarApp.DataAccess.csproj", "{B72E4AC1-816C-4935-A685-9E5C085E0C5E}"
EndProject
Project("{FAE04EC0-301F-11D3-BF4B-00C04F79EFBC}") = "CalendarApp.Domain", "src\CalendarApp.Domain\CalendarApp.Domain.csproj", "{88C87BD7-54FC-44D7-96FF-A6E6347BD18E}"
EndProject
Global
	GlobalSection(SolutionConfigurationPlatforms) = preSolution
		Debug|Any CPU = Debug|Any CPU
		Release|Any CPU = Release|Any CPU
	EndGlobalSection
	GlobalSection(SolutionProperties) = preSolution
		HideSolutionNode = FALSE
	EndGlobalSection
	GlobalSection(ProjectConfigurationPlatforms) = postSolution
		{5D52EC22-5EF8-4EAF-AB24-D492BC6F78F7}.Debug|Any CPU.ActiveCfg = Debug|Any CPU
		{5D52EC22-5EF8-4EAF-AB24-D492BC6F78F7}.Debug|Any CPU.Build.0 = Debug|Any CPU
		{5D52EC22-5EF8-4EAF-AB24-D492BC6F78F7}.Release|Any CPU.ActiveCfg = Release|Any CPU
		{5D52EC22-5EF8-4EAF-AB24-D492BC6F78F7}.Release|Any CPU.Build.0 = Release|Any CPU
		{D401FCFC-4BE1-4E87-8209-44D3E9C4F210}.Debug|Any CPU.ActiveCfg = Debug|Any CPU
		{D401FCFC-4BE1-4E87-8209-44D3E9C4F210}.Debug|Any CPU.Build.0 = Debug|Any CPU
		{D401FCFC-4BE1-4E87-8209-44D3E9C4F210}.Release|Any CPU.ActiveCfg = Release|Any CPU
		{D401FCFC-4BE1-4E87-8209-44D3E9C4F210}.Release|Any CPU.Build.0 = Release|Any CPU
		{B72E4AC1-816C-4935-A685-9E5C085E0C5E}.Debug|Any CPU.ActiveCfg = Debug|Any CPU
		{B72E4AC1-816C-4935-A685-9E5C085E0C5E}.Debug|Any CPU.Build.0 = Debug|Any CPU
		{B72E4AC1-816C-4935-A685-9E5C085E0C5E}.Release|Any CPU.ActiveCfg = Release|Any CPU
		{B72E4AC1-816C-4935-A685-9E5C085E0C5E}.Release|Any CPU.Build.0 = Release|Any CPU
		{88C87BD7-54FC-44D7-96FF-A6E6347BD18E}.Debug|Any CPU.ActiveCfg = Debug|Any CPU
		{88C87BD7-54FC-44D7-96FF-A6E6347BD18E}.Debug|Any CPU.Build.0 = Debug|Any CPU
		{88C87BD7-54FC-44D7-96FF-A6E6347BD18E}.Release|Any CPU.ActiveCfg = Release|Any CPU
		{88C87BD7-54FC-44D7-96FF-A6E6347BD18E}.Release|Any CPU.Build.0 = Release|Any CPU
	EndGlobalSection
	GlobalSection(NestedProjects) = preSolution
		{5D52EC22-5EF8-4EAF-AB24-D492BC6F78F7} = {BC17430A-EB7B-44E4-966F-11BF1D3D0D83}
		{D401FCFC-4BE1-4E87-8209-44D3E9C4F210} = {BC17430A-EB7B-44E4-966F-11BF1D3D0D83}
		{B72E4AC1-816C-4935-A685-9E5C085E0C5E} = {BC17430A-EB7B-44E4-966F-11BF1D3D0D83}
		{88C87BD7-54FC-44D7-96FF-A6E6347BD18E} = {BC17430A-EB7B-44E4-966F-11BF1D3D0D83}
	EndGlobalSection
EndGlobal