
Microsoft Visual Studio Solution File, Format Version 12.00
# Visual Studio Version 16
VisualStudioVersion = 16.0.30114.105
MinimumVisualStudioVersion = 10.0.40219.1
Project("{2150E333-8FDC-42A3-9474-1A3956D46DE8}") = "src", "src", "{EF34C737-547A-4909-935E-4F00CB3AEE93}"
EndProject
Project("{FAE04EC0-301F-11D3-BF4B-00C04F79EFBC}") = "CalendarApp.Console", "src\CalendarApp.Console\CalendarApp.Console.csproj", "{D84E11C2-8AB1-4AC8-B7C2-78D9DD1B75B4}"
EndProject
Project("{FAE04EC0-301F-11D3-BF4B-00C04F79EFBC}") = "CalendarApp.Contracts", "src\CalendarApp.Contracts\CalendarApp.Contracts.csproj", "{B9854864-BA0B-4D4E-B8A0-683CAFE6634B}"
EndProject
Project("{FAE04EC0-301F-11D3-BF4B-00C04F79EFBC}") = "CalendarApp.DataAccess", "src\CalendarApp.DataAccess\CalendarApp.DataAccess.csproj", "{C08594CA-F233-404F-8EA6-BCAA067C6FB9}"
EndProject
Project("{FAE04EC0-301F-11D3-BF4B-00C04F79EFBC}") = "CalendarApp.Domain", "src\CalendarApp.Domain\CalendarApp.Domain.csproj", "{338CF0A5-3192-4222-B514-81F492D8944C}"
EndProject
Global
	GlobalSection(SolutionConfigurationPlatforms) = preSolution
		Debug|Any CPU = Debug|Any CPU
		Release|Any CPU = Release|Any CPU
	EndGlobalSection
	GlobalSection(SolutionProperties) = preSolution
		HideSolutionNode = FALSE
	EndGlobalSection
	GlobalSection(ProjectConfigurationPlatforms) = postSolution
		{D84E11C2-8AB1-4AC8-B7C2-78D9DD1B75B4}.Debug|Any CPU.ActiveCfg = Debug|Any CPU
		{D84E11C2-8AB1-4AC8-B7C2-78D9DD1B75B4}.Debug|Any CPU.Build.0 = Debug|Any CPU
		{D84E11C2-8AB1-4AC8-B7C2-78D9DD1B75B4}.Release|Any CPU.ActiveCfg = Release|Any CPU
		{D84E11C2-8AB1-4AC8-B7C2-78D9DD1B75B4}.Release|Any CPU.Build.0 = Release|Any CPU
		{B9854864-BA0B-4D4E-B8A0-683CAFE6634B}.Debug|Any CPU.ActiveCfg = Debug|Any CPU
		{B9854864-BA0B-4D4E-B8A0-683CAFE6634B}.Debug|Any CPU.Build.0 = Debug|Any CPU
		{B9854864-BA0B-4D4E-B8A0-683CAFE6634B}.Release|Any CPU.ActiveCfg = Release|Any CPU
		{B9854864-BA0B-4D4E-B8A0-683CAFE6634B}.Release|Any CPU.Build.0 = Release|Any CPU
		{C08594CA-F233-404F-8EA6-BCAA067C6FB9}.Debug|Any CPU.ActiveCfg = Debug|Any CPU
		{C08594CA-F233-404F-8EA6-BCAA067C6FB9}.Debug|Any CPU.Build.0 = Debug|Any CPU
		{C08594CA-F233-404F-8EA6-BCAA067C6FB9}.Release|Any CPU.ActiveCfg = Release|Any CPU
		{C08594CA-F233-404F-8EA6-BCAA067C6FB9}.Release|Any CPU.Build.0 = Release|Any CPU
		{338CF0A5-3192-4222-B514-81F492D8944C}.Debug|Any CPU.ActiveCfg = Debug|Any CPU
		{338CF0A5-3192-4222-B514-81F492D8944C}.Debug|Any CPU.Build.0 = Debug|Any CPU
		{338CF0A5-3192-4222-B514-81F492D8944C}.Release|Any CPU.ActiveCfg = Release|Any CPU
		{338CF0A5-3192-4222-B514-81F492D8944C}.Release|Any CPU.Build.0 = Release|Any CPU
	EndGlobalSection
	GlobalSection(NestedProjects) = preSolution
		{D84E11C2-8AB1-4AC8-B7C2-78D9DD1B75B4} = {EF34C737-547A-4909-935E-4F00CB3AEE93}
		{B9854864-BA0B-4D4E-B8A0-683CAFE6634B} = {EF34C737-547A-4909-935E-4F00CB3AEE93}
		{C08594CA-F233-404F-8EA6-BCAA067C6FB9} = {EF34C737-547A-4909-935E-4F00CB3AEE93}
		{338CF0A5-3192-4222-B514-81F492D8944C} = {EF34C737-547A-4909-935E-4F00CB3AEE93}
	EndGlobalSection
EndGlobal
