
Microsoft Visual Studio Solution File, Format Version 12.00
# Visual Studio Version 17
VisualStudioVersion = 17.2.32616.157
MinimumVisualStudioVersion = 10.0.40219.1
Project("{9A19103F-16F7-4668-BE54-9A1E7A4F7556}") = "ConsoleApp", "ConsoleApp\ConsoleApp.csproj", "{2193612A-D77D-41D8-9C87-447F57E78D11}"
EndProject
Global
	GlobalSection(SolutionConfigurationPlatforms) = preSolution
		Debug|Any CPU = Debug|Any CPU
		Release|Any CPU = Release|Any CPU
	EndGlobalSection
	GlobalSection(ProjectConfigurationPlatforms) = postSolution
		{2193612A-D77D-41D8-9C87-447F57E78D11}.Debug|Any CPU.ActiveCfg = Debug|Any CPU
		{2193612A-D77D-41D8-9C87-447F57E78D11}.Debug|Any CPU.Build.0 = Debug|Any CPU
		{2193612A-D77D-41D8-9C87-447F57E78D11}.Release|Any CPU.ActiveCfg = Release|Any CPU
		{2193612A-D77D-41D8-9C87-447F57E78D11}.Release|Any CPU.Build.0 = Release|Any CPU
	EndGlobalSection
	GlobalSection(SolutionProperties) = preSolution
		HideSolutionNode = FALSE
	EndGlobalSection
	GlobalSection(ExtensibilityGlobals) = postSolution
		SolutionGuid = {BA8C7441-7D1D-4E73-8BDD-9094324BE90B}
	EndGlobalSection
EndGlobal
