
Microsoft Visual Studio Solution File, Format Version 12.00
# Visual Studio Version 17
VisualStudioVersion = 17.1.32407.343
MinimumVisualStudioVersion = 10.0.40219.1
Project("{FAE04EC0-301F-11D3-BF4B-00C04F79EFBC}") = "Homework", "Homework\Homework.csproj", "{0447934B-B5C1-41AB-A649-EFDABC155C43}"
EndProject
Global
	GlobalSection(SolutionConfigurationPlatforms) = preSolution
		Debug|Any CPU = Debug|Any CPU
		Release|Any CPU = Release|Any CPU
	EndGlobalSection
	GlobalSection(ProjectConfigurationPlatforms) = postSolution
		{0447934B-B5C1-41AB-A649-EFDABC155C43}.Debug|Any CPU.ActiveCfg = Debug|Any CPU
		{0447934B-B5C1-41AB-A649-EFDABC155C43}.Debug|Any CPU.Build.0 = Debug|Any CPU
		{0447934B-B5C1-41AB-A649-EFDABC155C43}.Release|Any CPU.ActiveCfg = Release|Any CPU
		{0447934B-B5C1-41AB-A649-EFDABC155C43}.Release|Any CPU.Build.0 = Release|Any CPU
	EndGlobalSection
	GlobalSection(SolutionProperties) = preSolution
		HideSolutionNode = FALSE
	EndGlobalSection
	GlobalSection(ExtensibilityGlobals) = postSolution
		SolutionGuid = {6182A60F-A6CC-4C97-8D3A-1EAE49FCA900}
	EndGlobalSection
EndGlobal
