
Microsoft Visual Studio Solution File, Format Version 12.00
# Visual Studio Version 17
VisualStudioVersion = 17.1.32407.343
MinimumVisualStudioVersion = 10.0.40219.1
Project("{FAE04EC0-301F-11D3-BF4B-00C04F79EFBC}") = "classworkUmovniOperatory", "classworkUmovniOperatory\classworkUmovniOperatory.csproj", "{A9F8119E-EEF4-416A-9A26-9F02BF2E2F26}"
EndProject
Global
	GlobalSection(SolutionConfigurationPlatforms) = preSolution
		Debug|Any CPU = Debug|Any CPU
		Release|Any CPU = Release|Any CPU
	EndGlobalSection
	GlobalSection(ProjectConfigurationPlatforms) = postSolution
		{A9F8119E-EEF4-416A-9A26-9F02BF2E2F26}.Debug|Any CPU.ActiveCfg = Debug|Any CPU
		{A9F8119E-EEF4-416A-9A26-9F02BF2E2F26}.Debug|Any CPU.Build.0 = Debug|Any CPU
		{A9F8119E-EEF4-416A-9A26-9F02BF2E2F26}.Release|Any CPU.ActiveCfg = Release|Any CPU
		{A9F8119E-EEF4-416A-9A26-9F02BF2E2F26}.Release|Any CPU.Build.0 = Release|Any CPU
	EndGlobalSection
	GlobalSection(SolutionProperties) = preSolution
		HideSolutionNode = FALSE
	EndGlobalSection
	GlobalSection(ExtensibilityGlobals) = postSolution
		SolutionGuid = {1C03AD88-7698-4BE3-9A16-125B103CF100}
	EndGlobalSection
EndGlobal
