
Microsoft Visual Studio Solution File, Format Version 12.00
# Visual Studio Version 17
VisualStudioVersion = 17.1.32407.343
MinimumVisualStudioVersion = 10.0.40219.1
Project("{FAE04EC0-301F-11D3-BF4B-00C04F79EFBC}") = "ConsoleApp1", "ConsoleApp1\ConsoleApp1.csproj", "{E1845C54-AC84-4DC0-B048-6F919E0ECACA}"
EndProject
Global
	GlobalSection(SolutionConfigurationPlatforms) = preSolution
		Debug|Any CPU = Debug|Any CPU
		Release|Any CPU = Release|Any CPU
	EndGlobalSection
	GlobalSection(ProjectConfigurationPlatforms) = postSolution
		{E1845C54-AC84-4DC0-B048-6F919E0ECACA}.Debug|Any CPU.ActiveCfg = Debug|Any CPU
		{E1845C54-AC84-4DC0-B048-6F919E0ECACA}.Debug|Any CPU.Build.0 = Debug|Any CPU
		{E1845C54-AC84-4DC0-B048-6F919E0ECACA}.Release|Any CPU.ActiveCfg = Release|Any CPU
		{E1845C54-AC84-4DC0-B048-6F919E0ECACA}.Release|Any CPU.Build.0 = Release|Any CPU
	EndGlobalSection
	GlobalSection(SolutionProperties) = preSolution
		HideSolutionNode = FALSE
	EndGlobalSection
	GlobalSection(ExtensibilityGlobals) = postSolution
		SolutionGuid = {02A22C5C-6D25-4834-8D99-BBF24D7665AA}
	EndGlobalSection
EndGlobal
